
Microsoft Visual Studio Solution File, Format Version 12.00
# Visual Studio Version 17
VisualStudioVersion = 17.3.32825.248
MinimumVisualStudioVersion = 10.0.40219.1
Project("{FAE04EC0-301F-11D3-BF4B-00C04F79EFBC}") = "Lab5CSharp", "Lab5CSharp\Lab5CSharp.csproj", "{D4058C81-E6AF-4A07-943D-BFB1F0A838DD}"
EndProject
Global
	GlobalSection(SolutionConfigurationPlatforms) = preSolution
		Debug|Any CPU = Debug|Any CPU
		Release|Any CPU = Release|Any CPU
	EndGlobalSection
	GlobalSection(ProjectConfigurationPlatforms) = postSolution
		{D4058C81-E6AF-4A07-943D-BFB1F0A838DD}.Debug|Any CPU.ActiveCfg = Debug|Any CPU
		{D4058C81-E6AF-4A07-943D-BFB1F0A838DD}.Debug|Any CPU.Build.0 = Debug|Any CPU
		{D4058C81-E6AF-4A07-943D-BFB1F0A838DD}.Release|Any CPU.ActiveCfg = Release|Any CPU
		{D4058C81-E6AF-4A07-943D-BFB1F0A838DD}.Release|Any CPU.Build.0 = Release|Any CPU
	EndGlobalSection
	GlobalSection(SolutionProperties) = preSolution
		HideSolutionNode = FALSE
	EndGlobalSection
	GlobalSection(ExtensibilityGlobals) = postSolution
		SolutionGuid = {180A9233-1B22-46CE-B6F3-DC6D24DC39E9}
	EndGlobalSection
EndGlobal
